<Solution>
  <Folder Name="/Common/">
    <Project Path="Common/VetClinic.ServiceDefaults/VetClinic.ServiceDefaults.csproj" />
  </Folder>
  <Folder Name="/Docs/">
    <File Path="Readme.md" />
  </Folder>
  <Folder Name="/Auth/">
    <Project Path="Auth/API/VetClinic.Auth.Api/VetClinic.Auth.Api.csproj" />
  </Folder>
  <Folder Name="/MedRec/">
    <Project Path="MedicalRecord/API/VetClinic.MedicalRecord.Api/VetClinic.MedicalRecord.Api.csproj" />
    <Project Path="MedicalRecord/API/VetClinic.MedRec.Core/VetClinic.MedRec.Core.csproj" />
    <Project Path="MedicalRecord\API\VetClinic.MedRec.App.Contracts\VetClinic.MedRec.App.Contracts.csproj" />
    <Project Path="MedicalRecord\API\VetClinic.MedRec.App\VetClinic.MedRec.App.csproj" />
  </Folder>
  <Project Path="VetClinic.AppHost\VetClinic.AppHost.csproj" />
</Solution>
